{
    "version": 3,
    "terraform_version": "0.11.8",
    "serial": 6,
    "lineage": "4015200a-efc1-7543-df46-cc2c64f1f418",
    "modules": [
        {
            "path": [
                "root"
            ],
            "outputs": {},
            "resources": {
                "aws_eip.ip": {
                    "type": "aws_eip",
                    "depends_on": [
                        "aws_instance.seafile_host"
                    ],
                    "primary": {
                        "id": "eipalloc-0fda3001b5c49032a",
                        "attributes": {
                            "association_id": "eipassoc-0b1ee842a576cf696",
                            "domain": "vpc",
                            "id": "eipalloc-0fda3001b5c49032a",
                            "instance": "i-069bd83cb89150c81",
                            "network_interface": "eni-0dbb1ab0d2f8fc792",
                            "private_ip": "172.31.28.236",
                            "public_ip": "52.43.57.57",
                            "tags.%": "0",
                            "vpc": "true"
                        },
                        "meta": {
                            "e2bfb730-ecaa-11e6-8f88-34363bc7c4c0": {
                                "delete": 180000000000,
                                "read": 900000000000,
                                "update": 300000000000
                            }
                        },
                        "tainted": false
                    },
                    "deposed": [],
                    "provider": "provider.aws"
                },
                "aws_instance.seafile_host": {
                    "type": "aws_instance",
                    "depends_on": [],
                    "primary": {
                        "id": "i-069bd83cb89150c81",
                        "attributes": {
                            "ami": "ami-3ecc8f46",
                            "arn": "arn:aws:ec2:us-west-2:851765780377:instance/i-069bd83cb89150c81",
                            "associate_public_ip_address": "true",
                            "availability_zone": "us-west-2a",
                            "cpu_core_count": "1",
                            "cpu_threads_per_core": "1",
                            "credit_specification.#": "1",
                            "credit_specification.0.cpu_credits": "standard",
                            "disable_api_termination": "false",
                            "ebs_block_device.#": "0",
                            "ebs_optimized": "false",
                            "ephemeral_block_device.#": "0",
                            "get_password_data": "false",
                            "iam_instance_profile": "",
                            "id": "i-069bd83cb89150c81",
                            "instance_state": "running",
                            "instance_type": "t2.micro",
                            "ipv6_addresses.#": "0",
                            "key_name": "",
                            "monitoring": "false",
                            "network_interface.#": "0",
                            "network_interface_id": "eni-0dbb1ab0d2f8fc792",
                            "password_data": "",
                            "placement_group": "",
                            "primary_network_interface_id": "eni-0dbb1ab0d2f8fc792",
                            "private_dns": "ip-172-31-28-236.us-west-2.compute.internal",
                            "private_ip": "172.31.28.236",
                            "public_dns": "ec2-34-222-16-239.us-west-2.compute.amazonaws.com",
                            "public_ip": "34.222.16.239",
                            "root_block_device.#": "1",
                            "root_block_device.0.delete_on_termination": "false",
                            "root_block_device.0.iops": "100",
                            "root_block_device.0.volume_id": "vol-08c2ff60b0465669d",
                            "root_block_device.0.volume_size": "8",
                            "root_block_device.0.volume_type": "gp2",
                            "security_groups.#": "1",
                            "security_groups.3814588639": "default",
                            "source_dest_check": "true",
                            "subnet_id": "subnet-1162e777",
                            "tags.%": "0",
                            "tenancy": "default",
                            "volume_tags.%": "0",
                            "vpc_security_group_ids.#": "1",
                            "vpc_security_group_ids.4188219606": "sg-f93dec84"
                        },
                        "meta": {
                            "e2bfb730-ecaa-11e6-8f88-34363bc7c4c0": {
                                "create": 600000000000,
                                "delete": 1200000000000,
                                "update": 600000000000
                            },
                            "schema_version": "1"
                        },
                        "tainted": false
                    },
                    "deposed": [],
                    "provider": "provider.aws"
                }
            },
            "depends_on": []
        }
    ]
}
